// !$*UTF8*$!
{
	archiveVersion = 1;
	classes = {
	};
	objectVersion = 50;
	objects = {

/* Begin PBXBuildFile section */
		8BC9CC520B7FCF468C59D68C /* Pods_JustType.framework in Frameworks */ = {isa = PBXBuildFile; fileRef = F051A49D46D575D66C1C0EF4 /* Pods_JustType.framework */; };
		A40095902299AB140075B826 /* AppDelegate.swift in Sources */ = {isa = PBXBuildFile; fileRef = A400958F2299AB140075B826 /* AppDelegate.swift */; };
		A40095922299AB140075B826 /* DocumentBrowserViewController.swift in Sources */ = {isa = PBXBuildFile; fileRef = A40095912299AB140075B826 /* DocumentBrowserViewController.swift */; };
		A40095942299AB140075B826 /* DocumentViewController.swift in Sources */ = {isa = PBXBuildFile; fileRef = A40095932299AB140075B826 /* DocumentViewController.swift */; };
		A40095962299AB140075B826 /* Document.swift in Sources */ = {isa = PBXBuildFile; fileRef = A40095952299AB140075B826 /* Document.swift */; };
		A40095992299AB140075B826 /* Main.storyboard in Resources */ = {isa = PBXBuildFile; fileRef = A40095972299AB140075B826 /* Main.storyboard */; };
		A400959B2299AB150075B826 /* Assets.xcassets in Resources */ = {isa = PBXBuildFile; fileRef = A400959A2299AB150075B826 /* Assets.xcassets */; };
		A400959E2299AB150075B826 /* LaunchScreen.storyboard in Resources */ = {isa = PBXBuildFile; fileRef = A400959C2299AB150075B826 /* LaunchScreen.storyboard */; };
/* End PBXBuildFile section */

/* Begin PBXFileReference section */
		27B73C29294BE96E7083BED8 /* Pods-JustType.debug.xcconfig */ = {isa = PBXFileReference; includeInIndex = 1; lastKnownFileType = text.xcconfig; name = "Pods-JustType.debug.xcconfig"; path = "Pods/Target Support Files/Pods-JustType/Pods-JustType.debug.xcconfig"; sourceTree = "<group>"; };
		2AA7D8E74CD97497C6158725 /* Pods-JustType.release.xcconfig */ = {isa = PBXFileReference; includeInIndex = 1; lastKnownFileType = text.xcconfig; name = "Pods-JustType.release.xcconfig"; path = "Pods/Target Support Files/Pods-JustType/Pods-JustType.release.xcconfig"; sourceTree = "<group>"; };
		A400958C2299AB140075B826 /* JustType.app */ = {isa = PBXFileReference; explicitFileType = wrapper.application; includeInIndex = 0; path = JustType.app; sourceTree = BUILT_PRODUCTS_DIR; };
		A400958F2299AB140075B826 /* AppDelegate.swift */ = {isa = PBXFileReference; lastKnownFileType = sourcecode.swift; path = AppDelegate.swift; sourceTree = "<group>"; };
		A40095912299AB140075B826 /* DocumentBrowserViewController.swift */ = {isa = PBXFileReference; lastKnownFileType = sourcecode.swift; path = DocumentBrowserViewController.swift; sourceTree = "<group>"; };
		A40095932299AB140075B826 /* DocumentViewController.swift */ = {isa = PBXFileReference; lastKnownFileType = sourcecode.swift; path = DocumentViewController.swift; sourceTree = "<group>"; };
		A40095952299AB140075B826 /* Document.swift */ = {isa = PBXFileReference; lastKnownFileType = sourcecode.swift; path = Document.swift; sourceTree = "<group>"; };
		A40095982299AB140075B826 /* Base */ = {isa = PBXFileReference; lastKnownFileType = file.storyboard; name = Base; path = Base.lproj/Main.storyboard; sourceTree = "<group>"; };
		A400959A2299AB150075B826 /* Assets.xcassets */ = {isa = PBXFileReference; lastKnownFileType = folder.assetcatalog; path = Assets.xcassets; sourceTree = "<group>"; };
		A400959D2299AB150075B826 /* Base */ = {isa = PBXFileReference; lastKnownFileType = file.storyboard; name = Base; path = Base.lproj/LaunchScreen.storyboard; sourceTree = "<group>"; };
		A400959F2299AB150075B826 /* Info.plist */ = {isa = PBXFileReference; lastKnownFileType = text.plist.xml; path = Info.plist; sourceTree = "<group>"; };
		F051A49D46D575D66C1C0EF4 /* Pods_JustType.framework */ = {isa = PBXFileReference; explicitFileType = wrapper.framework; includeInIndex = 0; path = Pods_JustType.framework; sourceTree = BUILT_PRODUCTS_DIR; };
/* End PBXFileReference section */

/* Begin PBXFrameworksBuildPhase section */
		A40095892299AB140075B826 /* Frameworks */ = {
			isa = PBXFrameworksBuildPhase;
			buildActionMask = 2147483647;
			files = (
				8BC9CC520B7FCF468C59D68C /* Pods_JustType.framework in Frameworks */,
			);
			runOnlyForDeploymentPostprocessing = 0;
		};
/* End PBXFrameworksBuildPhase section */

/* Begin PBXGroup section */
		2BE0A1A9C26EE4CE92A70CE6 /* Pods */ = {
			isa = PBXGroup;
			children = (
				27B73C29294BE96E7083BED8 /* Pods-JustType.debug.xcconfig */,
				2AA7D8E74CD97497C6158725 /* Pods-JustType.release.xcconfig */,
			);
			name = Pods;
			sourceTree = "<group>";
		};
		A40095832299AB140075B826 = {
			isa = PBXGroup;
			children = (
				A400958E2299AB140075B826 /* JustType */,
				A400958D2299AB140075B826 /* Products */,
				2BE0A1A9C26EE4CE92A70CE6 /* Pods */,
				D494EEDADF2E58D891F55A0A /* Frameworks */,
			);
			sourceTree = "<group>";
		};
		A400958D2299AB140075B826 /* Products */ = {
			isa = PBXGroup;
			children = (
				A400958C2299AB140075B826 /* JustType.app */,
			);
			name = Products;
			sourceTree = "<group>";
		};
		A400958E2299AB140075B826 /* JustType */ = {
			isa = PBXGroup;
			children = (
				A400958F2299AB140075B826 /* AppDelegate.swift */,
				A40095912299AB140075B826 /* DocumentBrowserViewController.swift */,
				A40095932299AB140075B826 /* DocumentViewController.swift */,
				A40095952299AB140075B826 /* Document.swift */,
				A40095972299AB140075B826 /* Main.storyboard */,
				A400959A2299AB150075B826 /* Assets.xcassets */,
				A400959C2299AB150075B826 /* LaunchScreen.storyboard */,
				A400959F2299AB150075B826 /* Info.plist */,
			);
			path = JustType;
			sourceTree = "<group>";
		};
		D494EEDADF2E58D891F55A0A /* Frameworks */ = {
			isa = PBXGroup;
			children = (
				F051A49D46D575D66C1C0EF4 /* Pods_JustType.framework */,
			);
			name = Frameworks;
			sourceTree = "<group>";
		};
/* End PBXGroup section */

/* Begin PBXNativeTarget section */
		A400958B2299AB140075B826 /* JustType */ = {
			isa = PBXNativeTarget;
			buildConfigurationList = A40095A22299AB150075B826 /* Build configuration list for PBXNativeTarget "JustType" */;
			buildPhases = (
				34744C60537773F77F5D97B1 /* [CP] Check Pods Manifest.lock */,
				A40095882299AB140075B826 /* Sources */,
				A40095892299AB140075B826 /* Frameworks */,
				A400958A2299AB140075B826 /* Resources */,
				2A2B2108A75EA984C3E09E58 /* [CP] Embed Pods Frameworks */,
				1FAA2F2B6C69C12AB4E5C8C5 /* [CP] Copy Pods Resources */,
			);
			buildRules = (
			);
			dependencies = (
			);
			name = JustType;
			productName = JustType;
			productReference = A400958C2299AB140075B826 /* JustType.app */;
			productType = "com.apple.product-type.application";
		};
/* End PBXNativeTarget section */

/* Begin PBXProject section */
		A40095842299AB140075B826 /* Project object */ = {
			isa = PBXProject;
			attributes = {
				LastSwiftUpdateCheck = 1020;
				LastUpgradeCheck = 1020;
				ORGANIZATIONNAME = "Prudhvi Gadiraju";
				TargetAttributes = {
					A400958B2299AB140075B826 = {
						CreatedOnToolsVersion = 10.2.1;
					};
				};
			};
			buildConfigurationList = A40095872299AB140075B826 /* Build configuration list for PBXProject "JustType" */;
			compatibilityVersion = "Xcode 9.3";
			developmentRegion = en;
			hasScannedForEncodings = 0;
			knownRegions = (
				en,
				Base,
			);
			mainGroup = A40095832299AB140075B826;
			productRefGroup = A400958D2299AB140075B826 /* Products */;
			projectDirPath = "";
			projectRoot = "";
			targets = (
				A400958B2299AB140075B826 /* JustType */,
			);
		};
/* End PBXProject section */

/* Begin PBXResourcesBuildPhase section */
		A400958A2299AB140075B826 /* Resources */ = {
			isa = PBXResourcesBuildPhase;
			buildActionMask = 2147483647;
			files = (
				A400959E2299AB150075B826 /* LaunchScreen.storyboard in Resources */,
				A400959B2299AB150075B826 /* Assets.xcassets in Resources */,
				A40095992299AB140075B826 /* Main.storyboard in Resources */,
			);
			runOnlyForDeploymentPostprocessing = 0;
		};
/* End PBXResourcesBuildPhase section */

/* Begin PBXShellScriptBuildPhase section */
		1FAA2F2B6C69C12AB4E5C8C5 /* [CP] Copy Pods Resources */ = {
			isa = PBXShellScriptBuildPhase;
			buildActionMask = 2147483647;
			files = (
			);
			inputFileListPaths = (
			);
			inputPaths = (
			);
			name = "[CP] Copy Pods Resources";
			outputFileListPaths = (
			);
			outputPaths = (
			);
			runOnlyForDeploymentPostprocessing = 0;
			shellPath = /bin/sh;
			shellScript = "\"${SRCROOT}/Pods/Target Support Files/Pods-JustType/Pods-JustType-resources.sh\"\n";
			showEnvVarsInLog = 0;
		};
		2A2B2108A75EA984C3E09E58 /* [CP] Embed Pods Frameworks */ = {
			isa = PBXShellScriptBuildPhase;
			buildActionMask = 2147483647;
			files = (
			);
			inputFileListPaths = (
			);
			inputPaths = (
				"${SRCROOT}/Pods/Target Support Files/Pods-JustType/Pods-JustType-frameworks.sh",
				"${BUILT_PRODUCTS_DIR}/Sourceful/Sourceful.framework",
			);
			name = "[CP] Embed Pods Frameworks";
			outputFileListPaths = (
			);
			outputPaths = (
				"${TARGET_BUILD_DIR}/${FRAMEWORKS_FOLDER_PATH}/Sourceful.framework",
			);
			runOnlyForDeploymentPostprocessing = 0;
			shellPath = /bin/sh;
			shellScript = "\"${SRCROOT}/Pods/Target Support Files/Pods-JustType/Pods-JustType-frameworks.sh\"\n";
			showEnvVarsInLog = 0;
		};
		34744C60537773F77F5D97B1 /* [CP] Check Pods Manifest.lock */ = {
			isa = PBXShellScriptBuildPhase;
			buildActionMask = 2147483647;
			files = (
			);
			inputFileListPaths = (
			);
			inputPaths = (
				"${PODS_PODFILE_DIR_PATH}/Podfile.lock",
				"${PODS_ROOT}/Manifest.lock",
			);
			name = "[CP] Check Pods Manifest.lock";
			outputFileListPaths = (
			);
			outputPaths = (
				"$(DERIVED_FILE_DIR)/Pods-JustType-checkManifestLockResult.txt",
			);
			runOnlyForDeploymentPostprocessing = 0;
			shellPath = /bin/sh;
			shellScript = "diff \"${PODS_PODFILE_DIR_PATH}/Podfile.lock\" \"${PODS_ROOT}/Manifest.lock\" > /dev/null\nif [ $? != 0 ] ; then\n    # print error to STDERR\n    echo \"error: The sandbox is not in sync with the Podfile.lock. Run 'pod install' or update your CocoaPods installation.\" >&2\n    exit 1\nfi\n# This output is used by Xcode 'outputs' to avoid re-running this script phase.\necho \"SUCCESS\" > \"${SCRIPT_OUTPUT_FILE_0}\"\n";
			showEnvVarsInLog = 0;
		};
/* End PBXShellScriptBuildPhase section */

/* Begin PBXSourcesBuildPhase section */
		A40095882299AB140075B826 /* Sources */ = {
			isa = PBXSourcesBuildPhase;
			buildActionMask = 2147483647;
			files = (
				A40095962299AB140075B826 /* Document.swift in Sources */,
				A40095942299AB140075B826 /* DocumentViewController.swift in Sources */,
				A40095922299AB140075B826 /* DocumentBrowserViewController.swift in Sources */,
				A40095902299AB140075B826 /* AppDelegate.swift in Sources */,
			);
			runOnlyForDeploymentPostprocessing = 0;
		};
/* End PBXSourcesBuildPhase section */

/* Begin PBXVariantGroup section */
		A40095972299AB140075B826 /* Main.storyboard */ = {
			isa = PBXVariantGroup;
			children = (
				A40095982299AB140075B826 /* Base */,
			);
			name = Main.storyboard;
			sourceTree = "<group>";
		};
		A400959C2299AB150075B826 /* LaunchScreen.storyboard */ = {
			isa = PBXVariantGroup;
			children = (
				A400959D2299AB150075B826 /* Base */,
			);
			name = LaunchScreen.storyboard;
			sourceTree = "<group>";
		};
/* End PBXVariantGroup section */

/* Begin XCBuildConfiguration section */
		A40095A02299AB150075B826 /* Debug */ = {
			isa = XCBuildConfiguration;
			buildSettings = {
				ALWAYS_SEARCH_USER_PATHS = NO;
				CLANG_ANALYZER_NONNULL = YES;
				CLANG_ANALYZER_NUMBER_OBJECT_CONVERSION = YES_AGGRESSIVE;
				CLANG_CXX_LANGUAGE_STANDARD = "gnu++14";
				CLANG_CXX_LIBRARY = "libc++";
				CLANG_ENABLE_MODULES = YES;
				CLANG_ENABLE_OBJC_ARC = YES;
				CLANG_ENABLE_OBJC_WEAK = YES;
				CLANG_WARN_BLOCK_CAPTURE_AUTORELEASING = YES;
				CLANG_WARN_BOOL_CONVERSION = YES;
				CLANG_WARN_COMMA = YES;
				CLANG_WARN_CONSTANT_CONVERSION = YES;
				CLANG_WARN_DEPRECATED_OBJC_IMPLEMENTATIONS = YES;
				CLANG_WARN_DIRECT_OBJC_ISA_USAGE = YES_ERROR;
				CLANG_WARN_DOCUMENTATION_COMMENTS = YES;
				CLANG_WARN_EMPTY_BODY = YES;
				CLANG_WARN_ENUM_CONVERSION = YES;
				CLANG_WARN_INFINITE_RECURSION = YES;
				CLANG_WARN_INT_CONVERSION = YES;
				CLANG_WARN_NON_LITERAL_NULL_CONVERSION = YES;
				CLANG_WARN_OBJC_IMPLICIT_RETAIN_SELF = YES;
				CLANG_WARN_OBJC_LITERAL_CONVERSION = YES;
				CLANG_WARN_OBJC_ROOT_CLASS = YES_ERROR;
				CLANG_WARN_RANGE_LOOP_ANALYSIS = YES;
				CLANG_WARN_STRICT_PROTOTYPES = YES;
				CLANG_WARN_SUSPICIOUS_MOVE = YES;
				CLANG_WARN_UNGUARDED_AVAILABILITY = YES_AGGRESSIVE;
				CLANG_WARN_UNREACHABLE_CODE = YES;
				CLANG_WARN__DUPLICATE_METHOD_MATCH = YES;
				CODE_SIGN_IDENTITY = "iPhone Developer";
				COPY_PHASE_STRIP = NO;
				DEBUG_INFORMATION_FORMAT = dwarf;
				ENABLE_STRICT_OBJC_MSGSEND = YES;
				ENABLE_TESTABILITY = YES;
				GCC_C_LANGUAGE_STANDARD = gnu11;
				GCC_DYNAMIC_NO_PIC = NO;
				GCC_NO_COMMON_BLOCKS = YES;
				GCC_OPTIMIZATION_LEVEL = 0;
				GCC_PREPROCESSOR_DEFINITIONS = (
					"DEBUG=1",
					"$(inherited)",
				);
				GCC_WARN_64_TO_32_BIT_CONVERSION = YES;
				GCC_WARN_ABOUT_RETURN_TYPE = YES_ERROR;
				GCC_WARN_UNDECLARED_SELECTOR = YES;
				GCC_WARN_UNINITIALIZED_AUTOS = YES_AGGRESSIVE;
				GCC_WARN_UNUSED_FUNCTION = YES;
				GCC_WARN_UNUSED_VARIABLE = YES;
				IPHONEOS_DEPLOYMENT_TARGET = 12.2;
				MTL_ENABLE_DEBUG_INFO = INCLUDE_SOURCE;
				MTL_FAST_MATH = YES;
				ONLY_ACTIVE_ARCH = YES;
				SDKROOT = iphoneos;
				SWIFT_ACTIVE_COMPILATION_CONDITIONS = DEBUG;
				SWIFT_OPTIMIZATION_LEVEL = "-Onone";
			};
			name = Debug;
		};
		A40095A12299AB150075B826 /* Release */ = {
			isa = XCBuildConfiguration;
			buildSettings = {
				ALWAYS_SEARCH_USER_PATHS = NO;
				CLANG_ANALYZER_NONNULL = YES;
				CLANG_ANALYZER_NUMBER_OBJECT_CONVERSION = YES_AGGRESSIVE;
				CLANG_CXX_LANGUAGE_STANDARD = "gnu++14";
				CLANG_CXX_LIBRARY = "libc++";
				CLANG_ENABLE_MODULES = YES;
				CLANG_ENABLE_OBJC_ARC = YES;
				CLANG_ENABLE_OBJC_WEAK = YES;
				CLANG_WARN_BLOCK_CAPTURE_AUTORELEASING = YES;
				CLANG_WARN_BOOL_CONVERSION = YES;
				CLANG_WARN_COMMA = YES;
				CLANG_WARN_CONSTANT_CONVERSION = YES;
				CLANG_WARN_DEPRECATED_OBJC_IMPLEMENTATIONS = YES;
				CLANG_WARN_DIRECT_OBJC_ISA_USAGE = YES_ERROR;
				CLANG_WARN_DOCUMENTATION_COMMENTS = YES;
				CLANG_WARN_EMPTY_BODY = YES;
				CLANG_WARN_ENUM_CONVERSION = YES;
				CLANG_WARN_INFINITE_RECURSION = YES;
				CLANG_WARN_INT_CONVERSION = YES;
				CLANG_WARN_NON_LITERAL_NULL_CONVERSION = YES;
				CLANG_WARN_OBJC_IMPLICIT_RETAIN_SELF = YES;
				CLANG_WARN_OBJC_LITERAL_CONVERSION = YES;
				CLANG_WARN_OBJC_ROOT_CLASS = YES_ERROR;
				CLANG_WARN_RANGE_LOOP_ANALYSIS = YES;
				CLANG_WARN_STRICT_PROTOTYPES = YES;
				CLANG_WARN_SUSPICIOUS_MOVE = YES;
				CLANG_WARN_UNGUARDED_AVAILABILITY = YES_AGGRESSIVE;
				CLANG_WARN_UNREACHABLE_CODE = YES;
				CLANG_WARN__DUPLICATE_METHOD_MATCH = YES;
				CODE_SIGN_IDENTITY = "iPhone Developer";
				COPY_PHASE_STRIP = NO;
				DEBUG_INFORMATION_FORMAT = "dwarf-with-dsym";
				ENABLE_NS_ASSERTIONS = NO;
				ENABLE_STRICT_OBJC_MSGSEND = YES;
				GCC_C_LANGUAGE_STANDARD = gnu11;
				GCC_NO_COMMON_BLOCKS = YES;
				GCC_WARN_64_TO_32_BIT_CONVERSION = YES;
				GCC_WARN_ABOUT_RETURN_TYPE = YES_ERROR;
				GCC_WARN_UNDECLARED_SELECTOR = YES;
				GCC_WARN_UNINITIALIZED_AUTOS = YES_AGGRESSIVE;
				GCC_WARN_UNUSED_FUNCTION = YES;
				GCC_WARN_UNUSED_VARIABLE = YES;
				IPHONEOS_DEPLOYMENT_TARGET = 12.2;
				MTL_ENABLE_DEBUG_INFO = NO;
				MTL_FAST_MATH = YES;
				SDKROOT = iphoneos;
				SWIFT_COMPILATION_MODE = wholemodule;
				SWIFT_OPTIMIZATION_LEVEL = "-O";
				VALIDATE_PRODUCT = YES;
			};
			name = Release;
		};
		A40095A32299AB150075B826 /* Debug */ = {
			isa = XCBuildConfiguration;
			baseConfigurationReference = 27B73C29294BE96E7083BED8 /* Pods-JustType.debug.xcconfig */;
			buildSettings = {
				ASSETCATALOG_COMPILER_APPICON_NAME = AppIcon;
				CODE_SIGN_STYLE = Automatic;
				DEVELOPMENT_TEAM = 4479HNAQMJ;
				INFOPLIST_FILE = JustType/Info.plist;
				LD_RUNPATH_SEARCH_PATHS = (
					"$(inherited)",
					"@executable_path/Frameworks",
				);
				PRODUCT_BUNDLE_IDENTIFIER = me.prudhvi.JustType;
				PRODUCT_NAME = "$(TARGET_NAME)";
				SWIFT_VERSION = 5.0;
				TARGETED_DEVICE_FAMILY = "1,2";
			};
			name = Debug;
		};
		A40095A42299AB150075B826 /* Release */ = {
			isa = XCBuildConfiguration;
			baseConfigurationReference = 2AA7D8E74CD97497C6158725 /* Pods-JustType.release.xcconfig */;
			buildSettings = {
				ASSETCATALOG_COMPILER_APPICON_NAME = AppIcon;
				CODE_SIGN_STYLE = Automatic;
				DEVELOPMENT_TEAM = 4479HNAQMJ;
				INFOPLIST_FILE = JustType/Info.plist;
				LD_RUNPATH_SEARCH_PATHS = (
					"$(inherited)",
					"@executable_path/Frameworks",
				);
				PRODUCT_BUNDLE_IDENTIFIER = me.prudhvi.JustType;
				PRODUCT_NAME = "$(TARGET_NAME)";
				SWIFT_VERSION = 5.0;
				TARGETED_DEVICE_FAMILY = "1,2";
			};
			name = Release;
		};
/* End XCBuildConfiguration section */

/* Begin XCConfigurationList section */
		A40095872299AB140075B826 /* Build configuration list for PBXProject "JustType" */ = {
			isa = XCConfigurationList;
			buildConfigurations = (
				A40095A02299AB150075B826 /* Debug */,
				A40095A12299AB150075B826 /* Release */,
			);
			defaultConfigurationIsVisible = 0;
			defaultConfigurationName = Release;
		};
		A40095A22299AB150075B826 /* Build configuration list for PBXNativeTarget "JustType" */ = {
			isa = XCConfigurationList;
			buildConfigurations = (
				A40095A32299AB150075B826 /* Debug */,
				A40095A42299AB150075B826 /* Release */,
			);
			defaultConfigurationIsVisible = 0;
			defaultConfigurationName = Release;
		};
/* End XCConfigurationList section */
	};
	rootObject = A40095842299AB140075B826 /* Project object */;
}
